// !$*UTF8*$!
{
	archiveVersion = 1;
	classes = {
	};
	objectVersion = 46;
	objects = {

/* Begin PBXBuildFile section */
		3D115C811BB048EB001048CC /* AVFoundation.framework in Frameworks */ = {isa = PBXBuildFile; fileRef = 3D115C801BB048EB001048CC /* AVFoundation.framework */; };
		3D115C831BB048F4001048CC /* AVKit.framework in Frameworks */ = {isa = PBXBuildFile; fileRef = 3D115C821BB048F4001048CC /* AVKit.framework */; };
		3D115C871BB08A90001048CC /* palette.png in Resources */ = {isa = PBXBuildFile; fileRef = 3D115C861BB08A90001048CC /* palette.png */; settings = {ASSET_TAGS = (); }; };
		3D115C891BB09071001048CC /* wrong-answer.png in Resources */ = {isa = PBXBuildFile; fileRef = 3D115C881BB09071001048CC /* wrong-answer.png */; settings = {ASSET_TAGS = (); }; };
		3D115C8B1BB099B3001048CC /* levelcompleted.png in Resources */ = {isa = PBXBuildFile; fileRef = 3D115C8A1BB099B3001048CC /* levelcompleted.png */; settings = {ASSET_TAGS = (); }; };
		3D115C8D1BB09CFB001048CC /* MapEnvir4-12.png in Resources */ = {isa = PBXBuildFile; fileRef = 3D115C8C1BB09CFB001048CC /* MapEnvir4-12.png */; settings = {ASSET_TAGS = (); }; };
		3D115C8F1BB0A092001048CC /* level2Bins.swift in Sources */ = {isa = PBXBuildFile; fileRef = 3D115C8E1BB0A092001048CC /* level2Bins.swift */; settings = {ASSET_TAGS = (); }; };
		3D115C911BB0A259001048CC /* RecycleBin-03.png in Resources */ = {isa = PBXBuildFile; fileRef = 3D115C901BB0A259001048CC /* RecycleBin-03.png */; settings = {ASSET_TAGS = (); }; };
		3D115C951BB0A2AA001048CC /* Level2Tree.swift in Sources */ = {isa = PBXBuildFile; fileRef = 3D115C941BB0A2AA001048CC /* Level2Tree.swift */; settings = {ASSET_TAGS = (); }; };
		3D115C971BB0A2BC001048CC /* Level2Grass.swift in Sources */ = {isa = PBXBuildFile; fileRef = 3D115C961BB0A2BC001048CC /* Level2Grass.swift */; settings = {ASSET_TAGS = (); }; };
		3D115C991BB0A2CA001048CC /* Level2Rainbow.swift in Sources */ = {isa = PBXBuildFile; fileRef = 3D115C981BB0A2CA001048CC /* Level2Rainbow.swift */; settings = {ASSET_TAGS = (); }; };
		3D115C9B1BB0AB30001048CC /* Rainbow-01.png in Resources */ = {isa = PBXBuildFile; fileRef = 3D115C9A1BB0AB30001048CC /* Rainbow-01.png */; settings = {ASSET_TAGS = (); }; };
		3D115C9F1BB0AE31001048CC /* MapEnvir2-10.png in Resources */ = {isa = PBXBuildFile; fileRef = 3D115C9E1BB0AE31001048CC /* MapEnvir2-10.png */; settings = {ASSET_TAGS = (); }; };
		3D2BEFF21BBEE75B00493CC0 /* icon-video.png in Resources */ = {isa = PBXBuildFile; fileRef = 3D2BEFF11BBEE75B00493CC0 /* icon-video.png */; settings = {ASSET_TAGS = (); }; };
		3D2EC1821B938CB900DAF2CB /* AppDelegate.swift in Sources */ = {isa = PBXBuildFile; fileRef = 3D2EC1811B938CB900DAF2CB /* AppDelegate.swift */; };
		3D2EC1841B938CB900DAF2CB /* GameScene.sks in Resources */ = {isa = PBXBuildFile; fileRef = 3D2EC1831B938CB900DAF2CB /* GameScene.sks */; };
		3D2EC1861B938CB900DAF2CB /* GameScene.swift in Sources */ = {isa = PBXBuildFile; fileRef = 3D2EC1851B938CB900DAF2CB /* GameScene.swift */; };
		3D2EC1881B938CB900DAF2CB /* GameViewController.swift in Sources */ = {isa = PBXBuildFile; fileRef = 3D2EC1871B938CB900DAF2CB /* GameViewController.swift */; };
		3D2EC18B1B938CB900DAF2CB /* Main.storyboard in Resources */ = {isa = PBXBuildFile; fileRef = 3D2EC1891B938CB900DAF2CB /* Main.storyboard */; };
		3D2EC18D1B938CB900DAF2CB /* Images.xcassets in Resources */ = {isa = PBXBuildFile; fileRef = 3D2EC18C1B938CB900DAF2CB /* Images.xcassets */; };
		3D2EC1901B938CB900DAF2CB /* LaunchScreen.xib in Resources */ = {isa = PBXBuildFile; fileRef = 3D2EC18E1B938CB900DAF2CB /* LaunchScreen.xib */; };
		3D2EC19C1B938CB900DAF2CB /* GRTests.swift in Sources */ = {isa = PBXBuildFile; fileRef = 3D2EC19B1B938CB900DAF2CB /* GRTests.swift */; };
		3D2EC1A71B93A0A300DAF2CB /* signs_of_spring_2-wallpaper-1024x1024.jpg in Resources */ = {isa = PBXBuildFile; fileRef = 3D2EC1A51B93A0A300DAF2CB /* signs_of_spring_2-wallpaper-1024x1024.jpg */; };
		3D2EC1AA1B93A36400DAF2CB /* Next.png in Resources */ = {isa = PBXBuildFile; fileRef = 3D2EC1A91B93A36400DAF2CB /* Next.png */; };
		3D2EC1BA1B93BD1C00DAF2CB /* BuyItemScene.swift in Sources */ = {isa = PBXBuildFile; fileRef = 3D2EC1B91B93BD1C00DAF2CB /* BuyItemScene.swift */; };
		3D4403A81BABC1D10013934B /* Level2Scene.swift in Sources */ = {isa = PBXBuildFile; fileRef = 3D4403A71BABC1D10013934B /* Level2Scene.swift */; settings = {ASSET_TAGS = (); }; };
		3D4403B41BABE0A50013934B /* MapEnvir1-11.png in Resources */ = {isa = PBXBuildFile; fileRef = 3D4403B31BABE0A50013934B /* MapEnvir1-11.png */; settings = {ASSET_TAGS = (); }; };
		3D4403BA1BAC04900013934B /* Menu.png in Resources */ = {isa = PBXBuildFile; fileRef = 3D4403B91BAC04900013934B /* Menu.png */; settings = {ASSET_TAGS = (); }; };
		3D4403BC1BAC066A0013934B /* Menu2.png in Resources */ = {isa = PBXBuildFile; fileRef = 3D4403BB1BAC066A0013934B /* Menu2.png */; settings = {ASSET_TAGS = (); }; };
		3D4403BE1BAC18E50013934B /* paper.json in Resources */ = {isa = PBXBuildFile; fileRef = 3D4403BD1BAC18E50013934B /* paper.json */; settings = {ASSET_TAGS = (); }; };
		3D4403C01BAC37DE0013934B /* Paper-01.png in Resources */ = {isa = PBXBuildFile; fileRef = 3D4403BF1BAC37DE0013934B /* Paper-01.png */; settings = {ASSET_TAGS = (); }; };
		3D4403C21BAC38520013934B /* CounterSprite.swift in Sources */ = {isa = PBXBuildFile; fileRef = 3D4403C11BAC38520013934B /* CounterSprite.swift */; settings = {ASSET_TAGS = (); }; };
		3D4403C41BAC9B760013934B /* bird-03.png in Resources */ = {isa = PBXBuildFile; fileRef = 3D4403C31BAC9B760013934B /* bird-03.png */; settings = {ASSET_TAGS = (); }; };
		3D4403C61BAC9B8F0013934B /* cloud-07.png in Resources */ = {isa = PBXBuildFile; fileRef = 3D4403C51BAC9B8F0013934B /* cloud-07.png */; settings = {ASSET_TAGS = (); }; };
		3D4403C81BAC9BA70013934B /* grass-02.png in Resources */ = {isa = PBXBuildFile; fileRef = 3D4403C71BAC9BA70013934B /* grass-02.png */; settings = {ASSET_TAGS = (); }; };
		3D4403CA1BAC9BC90013934B /* horse-01.png in Resources */ = {isa = PBXBuildFile; fileRef = 3D4403C91BAC9BC90013934B /* horse-01.png */; settings = {ASSET_TAGS = (); }; };
		3D4403CC1BAC9BD70013934B /* tree-01.png in Resources */ = {isa = PBXBuildFile; fileRef = 3D4403CB1BAC9BD70013934B /* tree-01.png */; settings = {ASSET_TAGS = (); }; };
		3D4403CE1BAC9BE60013934B /* tree-04.png in Resources */ = {isa = PBXBuildFile; fileRef = 3D4403CD1BAC9BE60013934B /* tree-04.png */; settings = {ASSET_TAGS = (); }; };
		3D4403D01BAC9CCC0013934B /* Level1Birds.swift in Sources */ = {isa = PBXBuildFile; fileRef = 3D4403CF1BAC9CCC0013934B /* Level1Birds.swift */; settings = {ASSET_TAGS = (); }; };
		3D4403D21BAC9CF70013934B /* Level1Clouds.swift in Sources */ = {isa = PBXBuildFile; fileRef = 3D4403D11BAC9CF70013934B /* Level1Clouds.swift */; settings = {ASSET_TAGS = (); }; };
		3D4403D41BAC9D060013934B /* Level1Grass.swift in Sources */ = {isa = PBXBuildFile; fileRef = 3D4403D31BAC9D060013934B /* Level1Grass.swift */; settings = {ASSET_TAGS = (); }; };
		3D4403D81BAC9D800013934B /* Level1Horses.swift in Sources */ = {isa = PBXBuildFile; fileRef = 3D4403D71BAC9D800013934B /* Level1Horses.swift */; settings = {ASSET_TAGS = (); }; };
		3D4403DA1BACB3E60013934B /* EffectSprite.swift in Sources */ = {isa = PBXBuildFile; fileRef = 3D4403D91BACB3E60013934B /* EffectSprite.swift */; settings = {ASSET_TAGS = (); }; };
		3D4403E01BACD9A50013934B /* Sound in Resources */ = {isa = PBXBuildFile; fileRef = 3D4403DF1BACD9A50013934B /* Sound */; settings = {ASSET_TAGS = (); }; };
		3D47CEA81BBD69E500DD095E /* StreamScanner.swift in Sources */ = {isa = PBXBuildFile; fileRef = 3D47CEA71BBD69E500DD095E /* StreamScanner.swift */; settings = {ASSET_TAGS = (); }; };
		3D4D9C021BBCC73300C5F0D0 /* LevelComplete.swift in Sources */ = {isa = PBXBuildFile; fileRef = 3D4D9C011BBCC73300C5F0D0 /* LevelComplete.swift */; settings = {ASSET_TAGS = (); }; };
		3D4D9C061BBCDADC00C5F0D0 /* power-up-star.png in Resources */ = {isa = PBXBuildFile; fileRef = 3D4D9C051BBCDADC00C5F0D0 /* power-up-star.png */; settings = {ASSET_TAGS = (); }; };
		3D4D9C081BBCDFE500C5F0D0 /* EndComplete.png in Resources */ = {isa = PBXBuildFile; fileRef = 3D4D9C071BBCDFE500C5F0D0 /* EndComplete.png */; settings = {ASSET_TAGS = (); }; };
		3D4D9C0A1BBD334800C5F0D0 /* woohoo.mp3 in Resources */ = {isa = PBXBuildFile; fileRef = 3D4D9C091BBD334800C5F0D0 /* woohoo.mp3 */; settings = {ASSET_TAGS = (); }; };
		3D4D9C131BBD3A2000C5F0D0 /* Level3Crab.swift in Sources */ = {isa = PBXBuildFile; fileRef = 3D4D9C0B1BBD3A2000C5F0D0 /* Level3Crab.swift */; settings = {ASSET_TAGS = (); }; };
		3D4D9C141BBD3A2000C5F0D0 /* Level3Fish1.swift in Sources */ = {isa = PBXBuildFile; fileRef = 3D4D9C0C1BBD3A2000C5F0D0 /* Level3Fish1.swift */; settings = {ASSET_TAGS = (); }; };
		3D4D9C151BBD3A2000C5F0D0 /* Level3Fish2.swift in Sources */ = {isa = PBXBuildFile; fileRef = 3D4D9C0D1BBD3A2000C5F0D0 /* Level3Fish2.swift */; settings = {ASSET_TAGS = (); }; };
		3D4D9C161BBD3A2000C5F0D0 /* Level3Scene.swift in Sources */ = {isa = PBXBuildFile; fileRef = 3D4D9C0E1BBD3A2000C5F0D0 /* Level3Scene.swift */; settings = {ASSET_TAGS = (); }; };
		3D4D9C171BBD3A2000C5F0D0 /* Level3Seaweed.swift in Sources */ = {isa = PBXBuildFile; fileRef = 3D4D9C0F1BBD3A2000C5F0D0 /* Level3Seaweed.swift */; settings = {ASSET_TAGS = (); }; };
		3D4D9C181BBD3A2000C5F0D0 /* Level4Grass.swift in Sources */ = {isa = PBXBuildFile; fileRef = 3D4D9C101BBD3A2000C5F0D0 /* Level4Grass.swift */; settings = {ASSET_TAGS = (); }; };
		3D4D9C191BBD3A2000C5F0D0 /* Level4Horse.swift in Sources */ = {isa = PBXBuildFile; fileRef = 3D4D9C111BBD3A2000C5F0D0 /* Level4Horse.swift */; settings = {ASSET_TAGS = (); }; };
		3D4D9C1A1BBD3A2000C5F0D0 /* Level4Scene.swift in Sources */ = {isa = PBXBuildFile; fileRef = 3D4D9C121BBD3A2000C5F0D0 /* Level4Scene.swift */; settings = {ASSET_TAGS = (); }; };
		3D4D9C1C1BBD3B8B00C5F0D0 /* crab.png in Resources */ = {isa = PBXBuildFile; fileRef = 3D4D9C1B1BBD3B8B00C5F0D0 /* crab.png */; settings = {ASSET_TAGS = (); }; };
		3D4D9C1F1BBD3B9400C5F0D0 /* fish-01.png in Resources */ = {isa = PBXBuildFile; fileRef = 3D4D9C1D1BBD3B9400C5F0D0 /* fish-01.png */; settings = {ASSET_TAGS = (); }; };
		3D4D9C201BBD3B9400C5F0D0 /* fish-02.png in Resources */ = {isa = PBXBuildFile; fileRef = 3D4D9C1E1BBD3B9400C5F0D0 /* fish-02.png */; settings = {ASSET_TAGS = (); }; };
		3D4D9C221BBD3BD800C5F0D0 /* MapEnvir3-12.png in Resources */ = {isa = PBXBuildFile; fileRef = 3D4D9C211BBD3BD800C5F0D0 /* MapEnvir3-12.png */; settings = {ASSET_TAGS = (); }; };
		3D4D9C251BBD3BEF00C5F0D0 /* sea_weed-01.png in Resources */ = {isa = PBXBuildFile; fileRef = 3D4D9C231BBD3BEE00C5F0D0 /* sea_weed-01.png */; settings = {ASSET_TAGS = (); }; };
		3D4D9C261BBD3BEF00C5F0D0 /* sea_weed-02.png in Resources */ = {isa = PBXBuildFile; fileRef = 3D4D9C241BBD3BEE00C5F0D0 /* sea_weed-02.png */; settings = {ASSET_TAGS = (); }; };
		3D5962751B94F54C0049FEEF /* Level1Scene.swift in Sources */ = {isa = PBXBuildFile; fileRef = 3D5962741B94F54C0049FEEF /* Level1Scene.swift */; };
		3D5ECAC71B9820D300EC34CF /* GameSprite.swift in Sources */ = {isa = PBXBuildFile; fileRef = 3D5ECAC61B9820D300EC34CF /* GameSprite.swift */; };
		3D5ECACA1B984F5F00EC34CF /* Bee.swift in Sources */ = {isa = PBXBuildFile; fileRef = 3D5ECAC91B984F5F00EC34CF /* Bee.swift */; };
		3D5ECACC1B9861A100EC34CF /* ground.atlas in Resources */ = {isa = PBXBuildFile; fileRef = 3D5ECACB1B9861A100EC34CF /* ground.atlas */; };
		3D5ECACE1B9861E600EC34CF /* Ground.swift in Sources */ = {isa = PBXBuildFile; fileRef = 3D5ECACD1B9861E600EC34CF /* Ground.swift */; };
		3D5ECAD01B98774E00EC34CF /* Background.swift in Sources */ = {isa = PBXBuildFile; fileRef = 3D5ECACF1B98774E00EC34CF /* Background.swift */; };
		3D5ECAD21B988E5000EC34CF /* Checkbox.swift in Sources */ = {isa = PBXBuildFile; fileRef = 3D5ECAD11B988E5000EC34CF /* Checkbox.swift */; };
		3D5ECAD61B9898AF00EC34CF /* checkbox.atlas in Resources */ = {isa = PBXBuildFile; fileRef = 3D5ECAD51B9898AF00EC34CF /* checkbox.atlas */; };
		3D6BAC851B947ED000EFC06E /* bee.atlas in Resources */ = {isa = PBXBuildFile; fileRef = 3D6BAC841B947ED000EFC06E /* bee.atlas */; };
		3D9E3BEC1BABA6FD004168D3 /* Australia-01.png in Resources */ = {isa = PBXBuildFile; fileRef = 3D9E3BEB1BABA6FD004168D3 /* Australia-01.png */; };
		3D9E3BEE1BABA892004168D3 /* MrPaper-02.png in Resources */ = {isa = PBXBuildFile; fileRef = 3D9E3BED1BABA892004168D3 /* MrPaper-02.png */; };
		3D9E3BF01BABA89D004168D3 /* mrTree-02.png in Resources */ = {isa = PBXBuildFile; fileRef = 3D9E3BEF1BABA89D004168D3 /* mrTree-02.png */; };
		3D9E3BF21BABA8A7004168D3 /* MrWater-02.png in Resources */ = {isa = PBXBuildFile; fileRef = 3D9E3BF11BABA8A7004168D3 /* MrWater-02.png */; };
		3D9E3BF41BABA8AE004168D3 /* RecycleBin-01.png in Resources */ = {isa = PBXBuildFile; fileRef = 3D9E3BF31BABA8AE004168D3 /* RecycleBin-01.png */; };
		3DA1EA4D1B9585C70053DA62 /* arrow.png in Resources */ = {isa = PBXBuildFile; fileRef = 3DA1EA4C1B9585C70053DA62 /* arrow.png */; };
		3DA1EA501B958B6E0053DA62 /* QuestionSet.swift in Sources */ = {isa = PBXBuildFile; fileRef = 3DA1EA4F1B958B6E0053DA62 /* QuestionSet.swift */; };
		3DA1EA521B958B7C0053DA62 /* Answer.swift in Sources */ = {isa = PBXBuildFile; fileRef = 3DA1EA511B958B7C0053DA62 /* Answer.swift */; };
		3DA1EA541B958E8A0053DA62 /* QuestionSetList.swift in Sources */ = {isa = PBXBuildFile; fileRef = 3DA1EA531B958E8A0053DA62 /* QuestionSetList.swift */; };
		3DA1EA581B95B2C90053DA62 /* checked.png in Resources */ = {isa = PBXBuildFile; fileRef = 3DA1EA561B95B2C90053DA62 /* checked.png */; };
		3DA1EA591B95B2C90053DA62 /* unchecked.png in Resources */ = {isa = PBXBuildFile; fileRef = 3DA1EA571B95B2C90053DA62 /* unchecked.png */; };
		3DF153311BAB9A5D00F6E9B0 /* TipSet.swift in Sources */ = {isa = PBXBuildFile; fileRef = 3DF153301BAB9A5D00F6E9B0 /* TipSet.swift */; };
		3DF831AC1B99582900A218CE /* TipSprite.swift in Sources */ = {isa = PBXBuildFile; fileRef = 3DF831AB1B99582900A218CE /* TipSprite.swift */; };
/* End PBXBuildFile section */

/* Begin PBXContainerItemProxy section */
		3D2EC1961B938CB900DAF2CB /* PBXContainerItemProxy */ = {
			isa = PBXContainerItemProxy;
			containerPortal = 3D2EC1741B938CB800DAF2CB /* Project object */;
			proxyType = 1;
			remoteGlobalIDString = 3D2EC17B1B938CB800DAF2CB;
			remoteInfo = GR;
		};
/* End PBXContainerItemProxy section */

/* Begin PBXFileReference section */
		3D115C801BB048EB001048CC /* AVFoundation.framework */ = {isa = PBXFileReference; lastKnownFileType = wrapper.framework; name = AVFoundation.framework; path = System/Library/Frameworks/AVFoundation.framework; sourceTree = SDKROOT; };
		3D115C821BB048F4001048CC /* AVKit.framework */ = {isa = PBXFileReference; lastKnownFileType = wrapper.framework; name = AVKit.framework; path = System/Library/Frameworks/AVKit.framework; sourceTree = SDKROOT; };
		3D115C861BB08A90001048CC /* palette.png */ = {isa = PBXFileReference; lastKnownFileType = image.png; path = palette.png; sourceTree = "<group>"; };
		3D115C881BB09071001048CC /* wrong-answer.png */ = {isa = PBXFileReference; lastKnownFileType = image.png; path = "wrong-answer.png"; sourceTree = "<group>"; };
		3D115C8A1BB099B3001048CC /* levelcompleted.png */ = {isa = PBXFileReference; lastKnownFileType = image.png; path = levelcompleted.png; sourceTree = "<group>"; };
		3D115C8C1BB09CFB001048CC /* MapEnvir4-12.png */ = {isa = PBXFileReference; lastKnownFileType = image.png; path = "MapEnvir4-12.png"; sourceTree = "<group>"; };
		3D115C8E1BB0A092001048CC /* level2Bins.swift */ = {isa = PBXFileReference; fileEncoding = 4; lastKnownFileType = sourcecode.swift; path = level2Bins.swift; sourceTree = "<group>"; };
		3D115C901BB0A259001048CC /* RecycleBin-03.png */ = {isa = PBXFileReference; lastKnownFileType = image.png; path = "RecycleBin-03.png"; sourceTree = "<group>"; };
		3D115C941BB0A2AA001048CC /* Level2Tree.swift */ = {isa = PBXFileReference; fileEncoding = 4; lastKnownFileType = sourcecode.swift; path = Level2Tree.swift; sourceTree = "<group>"; };
		3D115C961BB0A2BC001048CC /* Level2Grass.swift */ = {isa = PBXFileReference; fileEncoding = 4; lastKnownFileType = sourcecode.swift; path = Level2Grass.swift; sourceTree = "<group>"; };
		3D115C981BB0A2CA001048CC /* Level2Rainbow.swift */ = {isa = PBXFileReference; fileEncoding = 4; lastKnownFileType = sourcecode.swift; path = Level2Rainbow.swift; sourceTree = "<group>"; };
		3D115C9A1BB0AB30001048CC /* Rainbow-01.png */ = {isa = PBXFileReference; lastKnownFileType = image.png; path = "Rainbow-01.png"; sourceTree = "<group>"; };
		3D115C9E1BB0AE31001048CC /* MapEnvir2-10.png */ = {isa = PBXFileReference; lastKnownFileType = image.png; path = "MapEnvir2-10.png"; sourceTree = "<group>"; };
		3D2BEFF11BBEE75B00493CC0 /* icon-video.png */ = {isa = PBXFileReference; lastKnownFileType = image.png; path = "icon-video.png"; sourceTree = "<group>"; };
		3D2BF0141BBEED0400493CC0 /* Animation1.mp4 */ = {isa = PBXFileReference; lastKnownFileType = file; path = Animation1.mp4; sourceTree = "<group>"; };
		3D2BF0151BBEED0500493CC0 /* Animation2.mp4 */ = {isa = PBXFileReference; lastKnownFileType = file; path = Animation2.mp4; sourceTree = "<group>"; };
		3D2BF0161BBEED0500493CC0 /* animation3_v1.mp4 */ = {isa = PBXFileReference; lastKnownFileType = file; path = animation3_v1.mp4; sourceTree = "<group>"; };
		3D2BF0171BBEED0500493CC0 /* Animation4.mp4 */ = {isa = PBXFileReference; lastKnownFileType = file; path = Animation4.mp4; sourceTree = "<group>"; };
		3D2BF0181BBEED0500493CC0 /* into_main_v3.mp4 */ = {isa = PBXFileReference; lastKnownFileType = file; path = into_main_v3.mp4; sourceTree = "<group>"; };
		3D2EC17C1B938CB900DAF2CB /* GR.app */ = {isa = PBXFileReference; explicitFileType = wrapper.application; includeInIndex = 0; path = GR.app; sourceTree = BUILT_PRODUCTS_DIR; };
		3D2EC1801B938CB900DAF2CB /* Info.plist */ = {isa = PBXFileReference; lastKnownFileType = text.plist.xml; path = Info.plist; sourceTree = "<group>"; };
		3D2EC1811B938CB900DAF2CB /* AppDelegate.swift */ = {isa = PBXFileReference; lastKnownFileType = sourcecode.swift; path = AppDelegate.swift; sourceTree = "<group>"; };
		3D2EC1831B938CB900DAF2CB /* GameScene.sks */ = {isa = PBXFileReference; lastKnownFileType = file.sks; path = GameScene.sks; sourceTree = "<group>"; };
		3D2EC1851B938CB900DAF2CB /* GameScene.swift */ = {isa = PBXFileReference; lastKnownFileType = sourcecode.swift; path = GameScene.swift; sourceTree = "<group>"; };
		3D2EC1871B938CB900DAF2CB /* GameViewController.swift */ = {isa = PBXFileReference; lastKnownFileType = sourcecode.swift; path = GameViewController.swift; sourceTree = "<group>"; };
		3D2EC18A1B938CB900DAF2CB /* Base */ = {isa = PBXFileReference; lastKnownFileType = file.storyboard; name = Base; path = Base.lproj/Main.storyboard; sourceTree = "<group>"; };
		3D2EC18C1B938CB900DAF2CB /* Images.xcassets */ = {isa = PBXFileReference; lastKnownFileType = folder.assetcatalog; path = Images.xcassets; sourceTree = "<group>"; };
		3D2EC18F1B938CB900DAF2CB /* Base */ = {isa = PBXFileReference; lastKnownFileType = file.xib; name = Base; path = Base.lproj/LaunchScreen.xib; sourceTree = "<group>"; };
		3D2EC1951B938CB900DAF2CB /* GRTests.xctest */ = {isa = PBXFileReference; explicitFileType = wrapper.cfbundle; includeInIndex = 0; path = GRTests.xctest; sourceTree = BUILT_PRODUCTS_DIR; };
		3D2EC19A1B938CB900DAF2CB /* Info.plist */ = {isa = PBXFileReference; lastKnownFileType = text.plist.xml; path = Info.plist; sourceTree = "<group>"; };
		3D2EC19B1B938CB900DAF2CB /* GRTests.swift */ = {isa = PBXFileReference; lastKnownFileType = sourcecode.swift; path = GRTests.swift; sourceTree = "<group>"; };
		3D2EC1A51B93A0A300DAF2CB /* signs_of_spring_2-wallpaper-1024x1024.jpg */ = {isa = PBXFileReference; lastKnownFileType = image.jpeg; path = "signs_of_spring_2-wallpaper-1024x1024.jpg"; sourceTree = "<group>"; };
		3D2EC1A91B93A36400DAF2CB /* Next.png */ = {isa = PBXFileReference; lastKnownFileType = image.png; path = Next.png; sourceTree = "<group>"; };
		3D2EC1B91B93BD1C00DAF2CB /* BuyItemScene.swift */ = {isa = PBXFileReference; fileEncoding = 4; lastKnownFileType = sourcecode.swift; path = BuyItemScene.swift; sourceTree = "<group>"; };
		3D4403A71BABC1D10013934B /* Level2Scene.swift */ = {isa = PBXFileReference; fileEncoding = 4; lastKnownFileType = sourcecode.swift; path = Level2Scene.swift; sourceTree = "<group>"; };
		3D4403B31BABE0A50013934B /* MapEnvir1-11.png */ = {isa = PBXFileReference; lastKnownFileType = image.png; path = "MapEnvir1-11.png"; sourceTree = "<group>"; };
		3D4403B91BAC04900013934B /* Menu.png */ = {isa = PBXFileReference; lastKnownFileType = image.png; path = Menu.png; sourceTree = "<group>"; };
		3D4403BB1BAC066A0013934B /* Menu2.png */ = {isa = PBXFileReference; lastKnownFileType = image.png; path = Menu2.png; sourceTree = "<group>"; };
		3D4403BD1BAC18E50013934B /* paper.json */ = {isa = PBXFileReference; fileEncoding = 4; lastKnownFileType = text.json; path = paper.json; sourceTree = "<group>"; };
		3D4403BF1BAC37DE0013934B /* Paper-01.png */ = {isa = PBXFileReference; lastKnownFileType = image.png; path = "Paper-01.png"; sourceTree = "<group>"; };
		3D4403C11BAC38520013934B /* CounterSprite.swift */ = {isa = PBXFileReference; fileEncoding = 4; lastKnownFileType = sourcecode.swift; path = CounterSprite.swift; sourceTree = "<group>"; };
		3D4403C31BAC9B760013934B /* bird-03.png */ = {isa = PBXFileReference; lastKnownFileType = image.png; path = "bird-03.png"; sourceTree = "<group>"; };
		3D4403C51BAC9B8F0013934B /* cloud-07.png */ = {isa = PBXFileReference; lastKnownFileType = image.png; path = "cloud-07.png"; sourceTree = "<group>"; };
		3D4403C71BAC9BA70013934B /* grass-02.png */ = {isa = PBXFileReference; lastKnownFileType = image.png; path = "grass-02.png"; sourceTree = "<group>"; };
		3D4403C91BAC9BC90013934B /* horse-01.png */ = {isa = PBXFileReference; lastKnownFileType = image.png; path = "horse-01.png"; sourceTree = "<group>"; };
		3D4403CB1BAC9BD70013934B /* tree-01.png */ = {isa = PBXFileReference; lastKnownFileType = image.png; path = "tree-01.png"; sourceTree = "<group>"; };
		3D4403CD1BAC9BE60013934B /* tree-04.png */ = {isa = PBXFileReference; lastKnownFileType = image.png; path = "tree-04.png"; sourceTree = "<group>"; };
		3D4403CF1BAC9CCC0013934B /* Level1Birds.swift */ = {isa = PBXFileReference; fileEncoding = 4; lastKnownFileType = sourcecode.swift; path = Level1Birds.swift; sourceTree = "<group>"; };
		3D4403D11BAC9CF70013934B /* Level1Clouds.swift */ = {isa = PBXFileReference; fileEncoding = 4; lastKnownFileType = sourcecode.swift; path = Level1Clouds.swift; sourceTree = "<group>"; };
		3D4403D31BAC9D060013934B /* Level1Grass.swift */ = {isa = PBXFileReference; fileEncoding = 4; lastKnownFileType = sourcecode.swift; path = Level1Grass.swift; sourceTree = "<group>"; };
		3D4403D71BAC9D800013934B /* Level1Horses.swift */ = {isa = PBXFileReference; fileEncoding = 4; lastKnownFileType = sourcecode.swift; path = Level1Horses.swift; sourceTree = "<group>"; };
		3D4403D91BACB3E60013934B /* EffectSprite.swift */ = {isa = PBXFileReference; fileEncoding = 4; lastKnownFileType = sourcecode.swift; path = EffectSprite.swift; sourceTree = "<group>"; };
		3D4403DF1BACD9A50013934B /* Sound */ = {isa = PBXFileReference; lastKnownFileType = folder; path = Sound; sourceTree = "<group>"; };
		3D47CEA71BBD69E500DD095E /* StreamScanner.swift */ = {isa = PBXFileReference; fileEncoding = 4; lastKnownFileType = sourcecode.swift; path = StreamScanner.swift; sourceTree = "<group>"; };
		3D47CEB31BBD7FAD00DD095E /* level1.txt */ = {isa = PBXFileReference; lastKnownFileType = text; path = level1.txt; sourceTree = "<group>"; };
		3D47CEB41BBD7FAD00DD095E /* level2.txt */ = {isa = PBXFileReference; lastKnownFileType = text; path = level2.txt; sourceTree = "<group>"; };
		3D47CEB51BBD7FAD00DD095E /* level3.txt */ = {isa = PBXFileReference; lastKnownFileType = text; path = level3.txt; sourceTree = "<group>"; };
		3D47CEB61BBD7FAD00DD095E /* level4.txt */ = {isa = PBXFileReference; lastKnownFileType = text; path = level4.txt; sourceTree = "<group>"; };
		3D4D9C011BBCC73300C5F0D0 /* LevelComplete.swift */ = {isa = PBXFileReference; fileEncoding = 4; lastKnownFileType = sourcecode.swift; path = LevelComplete.swift; sourceTree = "<group>"; };
		3D4D9C051BBCDADC00C5F0D0 /* power-up-star.png */ = {isa = PBXFileReference; lastKnownFileType = image.png; path = "power-up-star.png"; sourceTree = "<group>"; };
		3D4D9C071BBCDFE500C5F0D0 /* EndComplete.png */ = {isa = PBXFileReference; lastKnownFileType = image.png; path = EndComplete.png; sourceTree = "<group>"; };
		3D4D9C091BBD334800C5F0D0 /* woohoo.mp3 */ = {isa = PBXFileReference; lastKnownFileType = audio.mp3; path = woohoo.mp3; sourceTree = "<group>"; };
		3D4D9C0B1BBD3A2000C5F0D0 /* Level3Crab.swift */ = {isa = PBXFileReference; fileEncoding = 4; lastKnownFileType = sourcecode.swift; path = Level3Crab.swift; sourceTree = "<group>"; };
		3D4D9C0C1BBD3A2000C5F0D0 /* Level3Fish1.swift */ = {isa = PBXFileReference; fileEncoding = 4; lastKnownFileType = sourcecode.swift; path = Level3Fish1.swift; sourceTree = "<group>"; };
		3D4D9C0D1BBD3A2000C5F0D0 /* Level3Fish2.swift */ = {isa = PBXFileReference; fileEncoding = 4; lastKnownFileType = sourcecode.swift; path = Level3Fish2.swift; sourceTree = "<group>"; };
		3D4D9C0E1BBD3A2000C5F0D0 /* Level3Scene.swift */ = {isa = PBXFileReference; fileEncoding = 4; lastKnownFileType = sourcecode.swift; path = Level3Scene.swift; sourceTree = "<group>"; };
		3D4D9C0F1BBD3A2000C5F0D0 /* Level3Seaweed.swift */ = {isa = PBXFileReference; fileEncoding = 4; lastKnownFileType = sourcecode.swift; path = Level3Seaweed.swift; sourceTree = "<group>"; };
		3D4D9C101BBD3A2000C5F0D0 /* Level4Grass.swift */ = {isa = PBXFileReference; fileEncoding = 4; lastKnownFileType = sourcecode.swift; path = Level4Grass.swift; sourceTree = "<group>"; };
		3D4D9C111BBD3A2000C5F0D0 /* Level4Horse.swift */ = {isa = PBXFileReference; fileEncoding = 4; lastKnownFileType = sourcecode.swift; path = Level4Horse.swift; sourceTree = "<group>"; };
		3D4D9C121BBD3A2000C5F0D0 /* Level4Scene.swift */ = {isa = PBXFileReference; fileEncoding = 4; lastKnownFileType = sourcecode.swift; path = Level4Scene.swift; sourceTree = "<group>"; };
		3D4D9C1B1BBD3B8B00C5F0D0 /* crab.png */ = {isa = PBXFileReference; lastKnownFileType = image.png; path = crab.png; sourceTree = "<group>"; };
		3D4D9C1D1BBD3B9400C5F0D0 /* fish-01.png */ = {isa = PBXFileReference; lastKnownFileType = image.png; path = "fish-01.png"; sourceTree = "<group>"; };
		3D4D9C1E1BBD3B9400C5F0D0 /* fish-02.png */ = {isa = PBXFileReference; lastKnownFileType = image.png; path = "fish-02.png"; sourceTree = "<group>"; };
		3D4D9C211BBD3BD800C5F0D0 /* MapEnvir3-12.png */ = {isa = PBXFileReference; lastKnownFileType = image.png; path = "MapEnvir3-12.png"; sourceTree = "<group>"; };
		3D4D9C231BBD3BEE00C5F0D0 /* sea_weed-01.png */ = {isa = PBXFileReference; lastKnownFileType = image.png; path = "sea_weed-01.png"; sourceTree = "<group>"; };
		3D4D9C241BBD3BEE00C5F0D0 /* sea_weed-02.png */ = {isa = PBXFileReference; lastKnownFileType = image.png; path = "sea_weed-02.png"; sourceTree = "<group>"; };
		3D5962741B94F54C0049FEEF /* Level1Scene.swift */ = {isa = PBXFileReference; fileEncoding = 4; lastKnownFileType = sourcecode.swift; path = Level1Scene.swift; sourceTree = "<group>"; };
		3D5ECAC61B9820D300EC34CF /* GameSprite.swift */ = {isa = PBXFileReference; fileEncoding = 4; lastKnownFileType = sourcecode.swift; path = GameSprite.swift; sourceTree = "<group>"; };
		3D5ECAC91B984F5F00EC34CF /* Bee.swift */ = {isa = PBXFileReference; fileEncoding = 4; lastKnownFileType = sourcecode.swift; path = Bee.swift; sourceTree = "<group>"; };
		3D5ECACB1B9861A100EC34CF /* ground.atlas */ = {isa = PBXFileReference; lastKnownFileType = folder.skatlas; path = ground.atlas; sourceTree = "<group>"; };
		3D5ECACD1B9861E600EC34CF /* Ground.swift */ = {isa = PBXFileReference; fileEncoding = 4; lastKnownFileType = sourcecode.swift; path = Ground.swift; sourceTree = "<group>"; };
		3D5ECACF1B98774E00EC34CF /* Background.swift */ = {isa = PBXFileReference; fileEncoding = 4; lastKnownFileType = sourcecode.swift; path = Background.swift; sourceTree = "<group>"; };
		3D5ECAD11B988E5000EC34CF /* Checkbox.swift */ = {isa = PBXFileReference; fileEncoding = 4; lastKnownFileType = sourcecode.swift; path = Checkbox.swift; sourceTree = "<group>"; };
		3D5ECAD51B9898AF00EC34CF /* checkbox.atlas */ = {isa = PBXFileReference; lastKnownFileType = folder.skatlas; path = checkbox.atlas; sourceTree = "<group>"; };
		3D6BAC841B947ED000EFC06E /* bee.atlas */ = {isa = PBXFileReference; lastKnownFileType = folder.skatlas; path = bee.atlas; sourceTree = "<group>"; };
		3D9E3BEB1BABA6FD004168D3 /* Australia-01.png */ = {isa = PBXFileReference; lastKnownFileType = image.png; path = "Australia-01.png"; sourceTree = "<group>"; };
		3D9E3BED1BABA892004168D3 /* MrPaper-02.png */ = {isa = PBXFileReference; lastKnownFileType = image.png; path = "MrPaper-02.png"; sourceTree = "<group>"; };
		3D9E3BEF1BABA89D004168D3 /* mrTree-02.png */ = {isa = PBXFileReference; lastKnownFileType = image.png; path = "mrTree-02.png"; sourceTree = "<group>"; };
		3D9E3BF11BABA8A7004168D3 /* MrWater-02.png */ = {isa = PBXFileReference; lastKnownFileType = image.png; path = "MrWater-02.png"; sourceTree = "<group>"; };
		3D9E3BF31BABA8AE004168D3 /* RecycleBin-01.png */ = {isa = PBXFileReference; lastKnownFileType = image.png; path = "RecycleBin-01.png"; sourceTree = "<group>"; };
		3DA1EA4C1B9585C70053DA62 /* arrow.png */ = {isa = PBXFileReference; lastKnownFileType = image.png; path = arrow.png; sourceTree = "<group>"; };
		3DA1EA4F1B958B6E0053DA62 /* QuestionSet.swift */ = {isa = PBXFileReference; fileEncoding = 4; lastKnownFileType = sourcecode.swift; path = QuestionSet.swift; sourceTree = "<group>"; };
		3DA1EA511B958B7C0053DA62 /* Answer.swift */ = {isa = PBXFileReference; fileEncoding = 4; lastKnownFileType = sourcecode.swift; path = Answer.swift; sourceTree = "<group>"; };
		3DA1EA531B958E8A0053DA62 /* QuestionSetList.swift */ = {isa = PBXFileReference; fileEncoding = 4; lastKnownFileType = sourcecode.swift; path = QuestionSetList.swift; sourceTree = "<group>"; };
		3DA1EA561B95B2C90053DA62 /* checked.png */ = {isa = PBXFileReference; lastKnownFileType = image.png; path = checked.png; sourceTree = "<group>"; };
		3DA1EA571B95B2C90053DA62 /* unchecked.png */ = {isa = PBXFileReference; lastKnownFileType = image.png; path = unchecked.png; sourceTree = "<group>"; };
		3DF153301BAB9A5D00F6E9B0 /* TipSet.swift */ = {isa = PBXFileReference; fileEncoding = 4; lastKnownFileType = sourcecode.swift; path = TipSet.swift; sourceTree = "<group>"; };
		3DF831AB1B99582900A218CE /* TipSprite.swift */ = {isa = PBXFileReference; fileEncoding = 4; lastKnownFileType = sourcecode.swift; path = TipSprite.swift; sourceTree = "<group>"; };
/* End PBXFileReference section */

/* Begin PBXFrameworksBuildPhase section */
		3D2EC1791B938CB800DAF2CB /* Frameworks */ = {
			isa = PBXFrameworksBuildPhase;
			buildActionMask = 2147483647;
			files = (
				3D115C831BB048F4001048CC /* AVKit.framework in Frameworks */,
				3D115C811BB048EB001048CC /* AVFoundation.framework in Frameworks */,
			);
			runOnlyForDeploymentPostprocessing = 0;
		};
		3D2EC1921B938CB900DAF2CB /* Frameworks */ = {
			isa = PBXFrameworksBuildPhase;
			buildActionMask = 2147483647;
			files = (
			);
			runOnlyForDeploymentPostprocessing = 0;
		};
/* End PBXFrameworksBuildPhase section */

/* Begin PBXGroup section */
		3D2BF0191BBEED0C00493CC0 /* videos */ = {
			isa = PBXGroup;
			children = (
				3D2BF0141BBEED0400493CC0 /* Animation1.mp4 */,
				3D2BF0151BBEED0500493CC0 /* Animation2.mp4 */,
				3D2BF0161BBEED0500493CC0 /* animation3_v1.mp4 */,
				3D2BF0171BBEED0500493CC0 /* Animation4.mp4 */,
				3D2BF0181BBEED0500493CC0 /* into_main_v3.mp4 */,
			);
			name = videos;
			sourceTree = "<group>";
		};
		3D2EC1731B938CB800DAF2CB = {
			isa = PBXGroup;
			children = (
				3D47CEB21BBD7FAD00DD095E /* input */,
				3D115C821BB048F4001048CC /* AVKit.framework */,
				3D115C801BB048EB001048CC /* AVFoundation.framework */,
				3D4D9C051BBCDADC00C5F0D0 /* power-up-star.png */,
				3D2BEFF11BBEE75B00493CC0 /* icon-video.png */,
				3D4D9C231BBD3BEE00C5F0D0 /* sea_weed-01.png */,
				3D4D9C241BBD3BEE00C5F0D0 /* sea_weed-02.png */,
				3D4D9C1B1BBD3B8B00C5F0D0 /* crab.png */,
				3D4D9C1D1BBD3B9400C5F0D0 /* fish-01.png */,
				3D4D9C1E1BBD3B9400C5F0D0 /* fish-02.png */,
				3D4D9C071BBCDFE500C5F0D0 /* EndComplete.png */,
				3D115C901BB0A259001048CC /* RecycleBin-03.png */,
				3D115C9A1BB0AB30001048CC /* Rainbow-01.png */,
				3D115C861BB08A90001048CC /* palette.png */,
				3D115C8A1BB099B3001048CC /* levelcompleted.png */,
				3D115C881BB09071001048CC /* wrong-answer.png */,
				3D4403C31BAC9B760013934B /* bird-03.png */,
				3D4403C51BAC9B8F0013934B /* cloud-07.png */,
				3D4403C71BAC9BA70013934B /* grass-02.png */,
				3D4403C91BAC9BC90013934B /* horse-01.png */,
				3D4403BF1BAC37DE0013934B /* Paper-01.png */,
				3D4403CB1BAC9BD70013934B /* tree-01.png */,
				3D4403CD1BAC9BE60013934B /* tree-04.png */,
				3D4403BB1BAC066A0013934B /* Menu2.png */,
				3D4403B91BAC04900013934B /* Menu.png */,
				3D4403B31BABE0A50013934B /* MapEnvir1-11.png */,
				3D115C9E1BB0AE31001048CC /* MapEnvir2-10.png */,
				3D4D9C211BBD3BD800C5F0D0 /* MapEnvir3-12.png */,
				3D115C8C1BB09CFB001048CC /* MapEnvir4-12.png */,
				3D9E3BF31BABA8AE004168D3 /* RecycleBin-01.png */,
				3D9E3BF11BABA8A7004168D3 /* MrWater-02.png */,
				3D9E3BEF1BABA89D004168D3 /* mrTree-02.png */,
				3D9E3BED1BABA892004168D3 /* MrPaper-02.png */,
				3D9E3BEB1BABA6FD004168D3 /* Australia-01.png */,
				3DA1EA561B95B2C90053DA62 /* checked.png */,
				3DA1EA571B95B2C90053DA62 /* unchecked.png */,
				3DA1EA4C1B9585C70053DA62 /* arrow.png */,
				3D2EC1A51B93A0A300DAF2CB /* signs_of_spring_2-wallpaper-1024x1024.jpg */,
				3D2EC1A91B93A36400DAF2CB /* Next.png */,
				3D4D9C091BBD334800C5F0D0 /* woohoo.mp3 */,
				3D4403BD1BAC18E50013934B /* paper.json */,
				3D2BF0191BBEED0C00493CC0 /* videos */,
				3D4403DF1BACD9A50013934B /* Sound */,
				3D5ECAD51B9898AF00EC34CF /* checkbox.atlas */,
				3D5ECACB1B9861A100EC34CF /* ground.atlas */,
				3D6BAC841B947ED000EFC06E /* bee.atlas */,
				3D2EC17E1B938CB900DAF2CB /* GR */,
				3D2EC1981B938CB900DAF2CB /* GRTests */,
				3D2EC17D1B938CB900DAF2CB /* Products */,
			);
			sourceTree = "<group>";
		};
		3D2EC17D1B938CB900DAF2CB /* Products */ = {
			isa = PBXGroup;
			children = (
				3D2EC17C1B938CB900DAF2CB /* GR.app */,
				3D2EC1951B938CB900DAF2CB /* GRTests.xctest */,
			);
			name = Products;
			sourceTree = "<group>";
		};
		3D2EC17E1B938CB900DAF2CB /* GR */ = {
			isa = PBXGroup;
			children = (
				3D5ECAC81B9820DD00EC34CF /* Sprite */,
				3DA1EA4E1B958AD00053DA62 /* Model */,
				3D2EC1811B938CB900DAF2CB /* AppDelegate.swift */,
				3D2EC1831B938CB900DAF2CB /* GameScene.sks */,
				3D2EC1851B938CB900DAF2CB /* GameScene.swift */,
				3D5962741B94F54C0049FEEF /* Level1Scene.swift */,
				3D4403A71BABC1D10013934B /* Level2Scene.swift */,
				3D4D9C0E1BBD3A2000C5F0D0 /* Level3Scene.swift */,
				3D4D9C121BBD3A2000C5F0D0 /* Level4Scene.swift */,
				3D2EC1B91B93BD1C00DAF2CB /* BuyItemScene.swift */,
				3D2EC1871B938CB900DAF2CB /* GameViewController.swift */,
				3D2EC1891B938CB900DAF2CB /* Main.storyboard */,
				3D2EC18C1B938CB900DAF2CB /* Images.xcassets */,
				3D2EC18E1B938CB900DAF2CB /* LaunchScreen.xib */,
				3D2EC17F1B938CB900DAF2CB /* Supporting Files */,
			);
			path = GR;
			sourceTree = "<group>";
		};
		3D2EC17F1B938CB900DAF2CB /* Supporting Files */ = {
			isa = PBXGroup;
			children = (
				3D2EC1801B938CB900DAF2CB /* Info.plist */,
			);
			name = "Supporting Files";
			sourceTree = "<group>";
		};
		3D2EC1981B938CB900DAF2CB /* GRTests */ = {
			isa = PBXGroup;
			children = (
				3D2EC19B1B938CB900DAF2CB /* GRTests.swift */,
				3D2EC1991B938CB900DAF2CB /* Supporting Files */,
			);
			path = GRTests;
			sourceTree = "<group>";
		};
		3D2EC1991B938CB900DAF2CB /* Supporting Files */ = {
			isa = PBXGroup;
			children = (
				3D2EC19A1B938CB900DAF2CB /* Info.plist */,
			);
			name = "Supporting Files";
			sourceTree = "<group>";
		};
		3D47CEB21BBD7FAD00DD095E /* input */ = {
			isa = PBXGroup;
			children = (
				3D47CEB31BBD7FAD00DD095E /* level1.txt */,
				3D47CEB41BBD7FAD00DD095E /* level2.txt */,
				3D47CEB51BBD7FAD00DD095E /* level3.txt */,
				3D47CEB61BBD7FAD00DD095E /* level4.txt */,
			);
			path = input;
			sourceTree = "<group>";
		};
		3D5ECAC81B9820DD00EC34CF /* Sprite */ = {
			isa = PBXGroup;
			children = (
				3D5ECAC61B9820D300EC34CF /* GameSprite.swift */,
				3D4403D91BACB3E60013934B /* EffectSprite.swift */,
				3D5ECAC91B984F5F00EC34CF /* Bee.swift */,
				3DF831AB1B99582900A218CE /* TipSprite.swift */,
				3D5ECACD1B9861E600EC34CF /* Ground.swift */,
				3D5ECACF1B98774E00EC34CF /* Background.swift */,
				3D5ECAD11B988E5000EC34CF /* Checkbox.swift */,
				3D4403C11BAC38520013934B /* CounterSprite.swift */,
				3D4D9C011BBCC73300C5F0D0 /* LevelComplete.swift */,
				3D4403CF1BAC9CCC0013934B /* Level1Birds.swift */,
				3D4403D11BAC9CF70013934B /* Level1Clouds.swift */,
				3D4403D31BAC9D060013934B /* Level1Grass.swift */,
				3D4403D71BAC9D800013934B /* Level1Horses.swift */,
				3D115C8E1BB0A092001048CC /* level2Bins.swift */,
				3D115C941BB0A2AA001048CC /* Level2Tree.swift */,
				3D115C961BB0A2BC001048CC /* Level2Grass.swift */,
				3D115C981BB0A2CA001048CC /* Level2Rainbow.swift */,
				3D4D9C0B1BBD3A2000C5F0D0 /* Level3Crab.swift */,
				3D4D9C0C1BBD3A2000C5F0D0 /* Level3Fish1.swift */,
				3D4D9C0D1BBD3A2000C5F0D0 /* Level3Fish2.swift */,
				3D4D9C0F1BBD3A2000C5F0D0 /* Level3Seaweed.swift */,
				3D4D9C101BBD3A2000C5F0D0 /* Level4Grass.swift */,
				3D4D9C111BBD3A2000C5F0D0 /* Level4Horse.swift */,
			);
			name = Sprite;
			sourceTree = "<group>";
		};
		3DA1EA4E1B958AD00053DA62 /* Model */ = {
			isa = PBXGroup;
			children = (
				3D47CEA71BBD69E500DD095E /* StreamScanner.swift */,
				3DA1EA511B958B7C0053DA62 /* Answer.swift */,
				3DA1EA4F1B958B6E0053DA62 /* QuestionSet.swift */,
				3DA1EA531B958E8A0053DA62 /* QuestionSetList.swift */,
				3DF153301BAB9A5D00F6E9B0 /* TipSet.swift */,
			);
			name = Model;
			sourceTree = "<group>";
		};
/* End PBXGroup section */

/* Begin PBXNativeTarget section */
		3D2EC17B1B938CB800DAF2CB /* GR */ = {
			isa = PBXNativeTarget;
			buildConfigurationList = 3D2EC19F1B938CB900DAF2CB /* Build configuration list for PBXNativeTarget "GR" */;
			buildPhases = (
				3D2EC1781B938CB800DAF2CB /* Sources */,
				3D2EC1791B938CB800DAF2CB /* Frameworks */,
				3D2EC17A1B938CB800DAF2CB /* Resources */,
			);
			buildRules = (
			);
			dependencies = (
			);
			name = GR;
			productName = GR;
			productReference = 3D2EC17C1B938CB900DAF2CB /* GR.app */;
			productType = "com.apple.product-type.application";
		};
		3D2EC1941B938CB900DAF2CB /* GRTests */ = {
			isa = PBXNativeTarget;
			buildConfigurationList = 3D2EC1A21B938CB900DAF2CB /* Build configuration list for PBXNativeTarget "GRTests" */;
			buildPhases = (
				3D2EC1911B938CB900DAF2CB /* Sources */,
				3D2EC1921B938CB900DAF2CB /* Frameworks */,
				3D2EC1931B938CB900DAF2CB /* Resources */,
			);
			buildRules = (
			);
			dependencies = (
				3D2EC1971B938CB900DAF2CB /* PBXTargetDependency */,
			);
			name = GRTests;
			productName = GRTests;
			productReference = 3D2EC1951B938CB900DAF2CB /* GRTests.xctest */;
			productType = "com.apple.product-type.bundle.unit-test";
		};
/* End PBXNativeTarget section */

/* Begin PBXProject section */
		3D2EC1741B938CB800DAF2CB /* Project object */ = {
			isa = PBXProject;
			attributes = {
				LastSwiftMigration = 0700;
				LastSwiftUpdateCheck = 0700;
				LastUpgradeCheck = 0640;
				ORGANIZATIONNAME = "Shahnawaz Alam";
				TargetAttributes = {
					3D2EC17B1B938CB800DAF2CB = {
						CreatedOnToolsVersion = 6.4;
						DevelopmentTeam = QLMPCP4884;
					};
					3D2EC1941B938CB900DAF2CB = {
						CreatedOnToolsVersion = 6.4;
						TestTargetID = 3D2EC17B1B938CB800DAF2CB;
					};
				};
			};
			buildConfigurationList = 3D2EC1771B938CB800DAF2CB /* Build configuration list for PBXProject "GR" */;
			compatibilityVersion = "Xcode 3.2";
			developmentRegion = English;
			hasScannedForEncodings = 0;
			knownRegions = (
				en,
				Base,
			);
			mainGroup = 3D2EC1731B938CB800DAF2CB;
			productRefGroup = 3D2EC17D1B938CB900DAF2CB /* Products */;
			projectDirPath = "";
			projectRoot = "";
			targets = (
				3D2EC17B1B938CB800DAF2CB /* GR */,
				3D2EC1941B938CB900DAF2CB /* GRTests */,
			);
		};
/* End PBXProject section */

/* Begin PBXResourcesBuildPhase section */
		3D2EC17A1B938CB800DAF2CB /* Resources */ = {
			isa = PBXResourcesBuildPhase;
			buildActionMask = 2147483647;
			files = (
				3D5ECAD61B9898AF00EC34CF /* checkbox.atlas in Resources */,
				3D4D9C1F1BBD3B9400C5F0D0 /* fish-01.png in Resources */,
				3D4403CC1BAC9BD70013934B /* tree-01.png in Resources */,
				3D4D9C221BBD3BD800C5F0D0 /* MapEnvir3-12.png in Resources */,
				3D115C871BB08A90001048CC /* palette.png in Resources */,
				3D6BAC851B947ED000EFC06E /* bee.atlas in Resources */,
				3D115C9F1BB0AE31001048CC /* MapEnvir2-10.png in Resources */,
				3D2BEFF21BBEE75B00493CC0 /* icon-video.png in Resources */,
				3D4403E01BACD9A50013934B /* Sound in Resources */,
				3D4403C61BAC9B8F0013934B /* cloud-07.png in Resources */,
				3D4403CA1BAC9BC90013934B /* horse-01.png in Resources */,
				3D9E3BF21BABA8A7004168D3 /* MrWater-02.png in Resources */,
				3D4D9C061BBCDADC00C5F0D0 /* power-up-star.png in Resources */,
				3D4D9C1C1BBD3B8B00C5F0D0 /* crab.png in Resources */,
				3D4D9C0A1BBD334800C5F0D0 /* woohoo.mp3 in Resources */,
				3D9E3BF01BABA89D004168D3 /* mrTree-02.png in Resources */,
				3D4403B41BABE0A50013934B /* MapEnvir1-11.png in Resources */,
				3D2EC1901B938CB900DAF2CB /* LaunchScreen.xib in Resources */,
				3DA1EA591B95B2C90053DA62 /* unchecked.png in Resources */,
				3D4403BE1BAC18E50013934B /* paper.json in Resources */,
				3D115C8D1BB09CFB001048CC /* MapEnvir4-12.png in Resources */,
				3D5ECACC1B9861A100EC34CF /* ground.atlas in Resources */,
				3D4403CE1BAC9BE60013934B /* tree-04.png in Resources */,
				3D4403C81BAC9BA70013934B /* grass-02.png in Resources */,
				3D2EC18D1B938CB900DAF2CB /* Images.xcassets in Resources */,
				3DA1EA4D1B9585C70053DA62 /* arrow.png in Resources */,
				3D4D9C261BBD3BEF00C5F0D0 /* sea_weed-02.png in Resources */,
				3D4403C01BAC37DE0013934B /* Paper-01.png in Resources */,
				3D9E3BF41BABA8AE004168D3 /* RecycleBin-01.png in Resources */,
				3D4D9C081BBCDFE500C5F0D0 /* EndComplete.png in Resources */,
				3D115C9B1BB0AB30001048CC /* Rainbow-01.png in Resources */,
				3D4403BC1BAC066A0013934B /* Menu2.png in Resources */,
				3D4D9C201BBD3B9400C5F0D0 /* fish-02.png in Resources */,
				3D2EC1841B938CB900DAF2CB /* GameScene.sks in Resources */,
				3D115C911BB0A259001048CC /* RecycleBin-03.png in Resources */,
				3D115C891BB09071001048CC /* wrong-answer.png in Resources */,
				3D2EC1AA1B93A36400DAF2CB /* Next.png in Resources */,
				3D115C8B1BB099B3001048CC /* levelcompleted.png in Resources */,
				3DA1EA581B95B2C90053DA62 /* checked.png in Resources */,
				3D2EC18B1B938CB900DAF2CB /* Main.storyboard in Resources */,
				3D4403C41BAC9B760013934B /* bird-03.png in Resources */,
				3D2EC1A71B93A0A300DAF2CB /* signs_of_spring_2-wallpaper-1024x1024.jpg in Resources */,
				3D9E3BEC1BABA6FD004168D3 /* Australia-01.png in Resources */,
				3D4D9C251BBD3BEF00C5F0D0 /* sea_weed-01.png in Resources */,
				3D9E3BEE1BABA892004168D3 /* MrPaper-02.png in Resources */,
				3D4403BA1BAC04900013934B /* Menu.png in Resources */,
			);
			runOnlyForDeploymentPostprocessing = 0;
		};
		3D2EC1931B938CB900DAF2CB /* Resources */ = {
			isa = PBXResourcesBuildPhase;
			buildActionMask = 2147483647;
			files = (
			);
			runOnlyForDeploymentPostprocessing = 0;
		};
/* End PBXResourcesBuildPhase section */

/* Begin PBXSourcesBuildPhase section */
		3D2EC1781B938CB800DAF2CB /* Sources */ = {
			isa = PBXSourcesBuildPhase;
			buildActionMask = 2147483647;
			files = (
				3D4D9C141BBD3A2000C5F0D0 /* Level3Fish1.swift in Sources */,
				3DF153311BAB9A5D00F6E9B0 /* TipSet.swift in Sources */,
				3D4403DA1BACB3E60013934B /* EffectSprite.swift in Sources */,
				3D4403C21BAC38520013934B /* CounterSprite.swift in Sources */,
				3D4D9C161BBD3A2000C5F0D0 /* Level3Scene.swift in Sources */,
				3DA1EA501B958B6E0053DA62 /* QuestionSet.swift in Sources */,
				3D5ECAD01B98774E00EC34CF /* Background.swift in Sources */,
				3D5ECAC71B9820D300EC34CF /* GameSprite.swift in Sources */,
				3D4403D01BAC9CCC0013934B /* Level1Birds.swift in Sources */,
				3D2EC1861B938CB900DAF2CB /* GameScene.swift in Sources */,
				3D5ECACE1B9861E600EC34CF /* Ground.swift in Sources */,
				3D4D9C1A1BBD3A2000C5F0D0 /* Level4Scene.swift in Sources */,
				3D5ECACA1B984F5F00EC34CF /* Bee.swift in Sources */,
				3D115C991BB0A2CA001048CC /* Level2Rainbow.swift in Sources */,
				3DA1EA521B958B7C0053DA62 /* Answer.swift in Sources */,
				3D4403D21BAC9CF70013934B /* Level1Clouds.swift in Sources */,
				3D2EC1881B938CB900DAF2CB /* GameViewController.swift in Sources */,
				3D2EC1BA1B93BD1C00DAF2CB /* BuyItemScene.swift in Sources */,
				3D115C8F1BB0A092001048CC /* level2Bins.swift in Sources */,
				3D115C951BB0A2AA001048CC /* Level2Tree.swift in Sources */,
				3D4403D41BAC9D060013934B /* Level1Grass.swift in Sources */,
				3D4D9C151BBD3A2000C5F0D0 /* Level3Fish2.swift in Sources */,
				3D5962751B94F54C0049FEEF /* Level1Scene.swift in Sources */,
				3DA1EA541B958E8A0053DA62 /* QuestionSetList.swift in Sources */,
				3D4403A81BABC1D10013934B /* Level2Scene.swift in Sources */,
				3D4D9C131BBD3A2000C5F0D0 /* Level3Crab.swift in Sources */,
				3D4D9C171BBD3A2000C5F0D0 /* Level3Seaweed.swift in Sources */,
				3D4D9C181BBD3A2000C5F0D0 /* Level4Grass.swift in Sources */,
				3D47CEA81BBD69E500DD095E /* StreamScanner.swift in Sources */,
				3D4D9C191BBD3A2000C5F0D0 /* Level4Horse.swift in Sources */,
				3D115C971BB0A2BC001048CC /* Level2Grass.swift in Sources */,
				3D2EC1821B938CB900DAF2CB /* AppDelegate.swift in Sources */,
				3D4403D81BAC9D800013934B /* Level1Horses.swift in Sources */,
				3DF831AC1B99582900A218CE /* TipSprite.swift in Sources */,
				3D5ECAD21B988E5000EC34CF /* Checkbox.swift in Sources */,
				3D4D9C021BBCC73300C5F0D0 /* LevelComplete.swift in Sources */,
			);
			runOnlyForDeploymentPostprocessing = 0;
		};
		3D2EC1911B938CB900DAF2CB /* Sources */ = {
			isa = PBXSourcesBuildPhase;
			buildActionMask = 2147483647;
			files = (
				3D2EC19C1B938CB900DAF2CB /* GRTests.swift in Sources */,
			);
			runOnlyForDeploymentPostprocessing = 0;
		};
/* End PBXSourcesBuildPhase section */

/* Begin PBXTargetDependency section */
		3D2EC1971B938CB900DAF2CB /* PBXTargetDependency */ = {
			isa = PBXTargetDependency;
			target = 3D2EC17B1B938CB800DAF2CB /* GR */;
			targetProxy = 3D2EC1961B938CB900DAF2CB /* PBXContainerItemProxy */;
		};
/* End PBXTargetDependency section */

/* Begin PBXVariantGroup section */
		3D2EC1891B938CB900DAF2CB /* Main.storyboard */ = {
			isa = PBXVariantGroup;
			children = (
				3D2EC18A1B938CB900DAF2CB /* Base */,
			);
			name = Main.storyboard;
			sourceTree = "<group>";
		};
		3D2EC18E1B938CB900DAF2CB /* LaunchScreen.xib */ = {
			isa = PBXVariantGroup;
			children = (
				3D2EC18F1B938CB900DAF2CB /* Base */,
			);
			name = LaunchScreen.xib;
			sourceTree = "<group>";
		};
/* End PBXVariantGroup section */

/* Begin XCBuildConfiguration section */
		3D2EC19D1B938CB900DAF2CB /* Debug */ = {
			isa = XCBuildConfiguration;
			buildSettings = {
				ALWAYS_SEARCH_USER_PATHS = NO;
				CLANG_CXX_LANGUAGE_STANDARD = "gnu++0x";
				CLANG_CXX_LIBRARY = "libc++";
				CLANG_ENABLE_MODULES = YES;
				CLANG_ENABLE_OBJC_ARC = YES;
				CLANG_WARN_BOOL_CONVERSION = YES;
				CLANG_WARN_CONSTANT_CONVERSION = YES;
				CLANG_WARN_DIRECT_OBJC_ISA_USAGE = YES_ERROR;
				CLANG_WARN_EMPTY_BODY = YES;
				CLANG_WARN_ENUM_CONVERSION = YES;
				CLANG_WARN_INT_CONVERSION = YES;
				CLANG_WARN_OBJC_ROOT_CLASS = YES_ERROR;
				CLANG_WARN_UNREACHABLE_CODE = YES;
				CLANG_WARN__DUPLICATE_METHOD_MATCH = YES;
				"CODE_SIGN_IDENTITY[sdk=iphoneos*]" = "iPhone Developer";
				COPY_PHASE_STRIP = NO;
				DEBUG_INFORMATION_FORMAT = "dwarf-with-dsym";
				ENABLE_STRICT_OBJC_MSGSEND = YES;
				GCC_C_LANGUAGE_STANDARD = gnu99;
				GCC_DYNAMIC_NO_PIC = NO;
				GCC_NO_COMMON_BLOCKS = YES;
				GCC_OPTIMIZATION_LEVEL = 0;
				GCC_PREPROCESSOR_DEFINITIONS = (
					"DEBUG=1",
					"$(inherited)",
				);
				GCC_SYMBOLS_PRIVATE_EXTERN = NO;
				GCC_WARN_64_TO_32_BIT_CONVERSION = YES;
				GCC_WARN_ABOUT_RETURN_TYPE = YES_ERROR;
				GCC_WARN_UNDECLARED_SELECTOR = YES;
				GCC_WARN_UNINITIALIZED_AUTOS = YES_AGGRESSIVE;
				GCC_WARN_UNUSED_FUNCTION = YES;
				GCC_WARN_UNUSED_VARIABLE = YES;
				IPHONEOS_DEPLOYMENT_TARGET = 8.4;
				MTL_ENABLE_DEBUG_INFO = YES;
				ONLY_ACTIVE_ARCH = YES;
				SDKROOT = iphoneos;
				SWIFT_OPTIMIZATION_LEVEL = "-Onone";
				TARGETED_DEVICE_FAMILY = 2;
			};
			name = Debug;
		};
		3D2EC19E1B938CB900DAF2CB /* Release */ = {
			isa = XCBuildConfiguration;
			buildSettings = {
				ALWAYS_SEARCH_USER_PATHS = NO;
				CLANG_CXX_LANGUAGE_STANDARD = "gnu++0x";
				CLANG_CXX_LIBRARY = "libc++";
				CLANG_ENABLE_MODULES = YES;
				CLANG_ENABLE_OBJC_ARC = YES;
				CLANG_WARN_BOOL_CONVERSION = YES;
				CLANG_WARN_CONSTANT_CONVERSION = YES;
				CLANG_WARN_DIRECT_OBJC_ISA_USAGE = YES_ERROR;
				CLANG_WARN_EMPTY_BODY = YES;
				CLANG_WARN_ENUM_CONVERSION = YES;
				CLANG_WARN_INT_CONVERSION = YES;
				CLANG_WARN_OBJC_ROOT_CLASS = YES_ERROR;
				CLANG_WARN_UNREACHABLE_CODE = YES;
				CLANG_WARN__DUPLICATE_METHOD_MATCH = YES;
				"CODE_SIGN_IDENTITY[sdk=iphoneos*]" = "iPhone Developer";
				COPY_PHASE_STRIP = NO;
				DEBUG_INFORMATION_FORMAT = "dwarf-with-dsym";
				ENABLE_NS_ASSERTIONS = NO;
				ENABLE_STRICT_OBJC_MSGSEND = YES;
				GCC_C_LANGUAGE_STANDARD = gnu99;
				GCC_NO_COMMON_BLOCKS = YES;
				GCC_WARN_64_TO_32_BIT_CONVERSION = YES;
				GCC_WARN_ABOUT_RETURN_TYPE = YES_ERROR;
				GCC_WARN_UNDECLARED_SELECTOR = YES;
				GCC_WARN_UNINITIALIZED_AUTOS = YES_AGGRESSIVE;
				GCC_WARN_UNUSED_FUNCTION = YES;
				GCC_WARN_UNUSED_VARIABLE = YES;
				IPHONEOS_DEPLOYMENT_TARGET = 8.4;
				MTL_ENABLE_DEBUG_INFO = NO;
				SDKROOT = iphoneos;
				TARGETED_DEVICE_FAMILY = 2;
				VALIDATE_PRODUCT = YES;
			};
			name = Release;
		};
		3D2EC1A01B938CB900DAF2CB /* Debug */ = {
			isa = XCBuildConfiguration;
			buildSettings = {
				ASSETCATALOG_COMPILER_APPICON_NAME = AppIcon;
				CODE_SIGN_IDENTITY = "iPhone Developer";
				INFOPLIST_FILE = GR/Info.plist;
				LD_RUNPATH_SEARCH_PATHS = "$(inherited) @executable_path/Frameworks";
				PRODUCT_NAME = "$(TARGET_NAME)";
			};
			name = Debug;
		};
		3D2EC1A11B938CB900DAF2CB /* Release */ = {
			isa = XCBuildConfiguration;
			buildSettings = {
				ASSETCATALOG_COMPILER_APPICON_NAME = AppIcon;
				CODE_SIGN_IDENTITY = "iPhone Developer";
				INFOPLIST_FILE = GR/Info.plist;
				LD_RUNPATH_SEARCH_PATHS = "$(inherited) @executable_path/Frameworks";
				PRODUCT_NAME = "$(TARGET_NAME)";
			};
			name = Release;
		};
		3D2EC1A31B938CB900DAF2CB /* Debug */ = {
			isa = XCBuildConfiguration;
			buildSettings = {
				BUNDLE_LOADER = "$(TEST_HOST)";
				FRAMEWORK_SEARCH_PATHS = (
					"$(SDKROOT)/Developer/Library/Frameworks",
					"$(inherited)",
				);
				GCC_PREPROCESSOR_DEFINITIONS = (
					"DEBUG=1",
					"$(inherited)",
				);
				INFOPLIST_FILE = GRTests/Info.plist;
				LD_RUNPATH_SEARCH_PATHS = "$(inherited) @executable_path/Frameworks @loader_path/Frameworks";
				PRODUCT_NAME = "$(TARGET_NAME)";
				TEST_HOST = "$(BUILT_PRODUCTS_DIR)/GR.app/GR";
			};
			name = Debug;
		};
		3D2EC1A41B938CB900DAF2CB /* Release */ = {
			isa = XCBuildConfiguration;
			buildSettings = {
				BUNDLE_LOADER = "$(TEST_HOST)";
				FRAMEWORK_SEARCH_PATHS = (
					"$(SDKROOT)/Developer/Library/Frameworks",
					"$(inherited)",
				);
				INFOPLIST_FILE = GRTests/Info.plist;
				LD_RUNPATH_SEARCH_PATHS = "$(inherited) @executable_path/Frameworks @loader_path/Frameworks";
				PRODUCT_NAME = "$(TARGET_NAME)";
				TEST_HOST = "$(BUILT_PRODUCTS_DIR)/GR.app/GR";
			};
			name = Release;
		};
/* End XCBuildConfiguration section */

/* Begin XCConfigurationList section */
		3D2EC1771B938CB800DAF2CB /* Build configuration list for PBXProject "GR" */ = {
			isa = XCConfigurationList;
			buildConfigurations = (
				3D2EC19D1B938CB900DAF2CB /* Debug */,
				3D2EC19E1B938CB900DAF2CB /* Release */,
			);
			defaultConfigurationIsVisible = 0;
			defaultConfigurationName = Release;
		};
		3D2EC19F1B938CB900DAF2CB /* Build configuration list for PBXNativeTarget "GR" */ = {
			isa = XCConfigurationList;
			buildConfigurations = (
				3D2EC1A01B938CB900DAF2CB /* Debug */,
				3D2EC1A11B938CB900DAF2CB /* Release */,
			);
			defaultConfigurationIsVisible = 0;
			defaultConfigurationName = Release;
		};
		3D2EC1A21B938CB900DAF2CB /* Build configuration list for PBXNativeTarget "GRTests" */ = {
			isa = XCConfigurationList;
			buildConfigurations = (
				3D2EC1A31B938CB900DAF2CB /* Debug */,
				3D2EC1A41B938CB900DAF2CB /* Release */,
			);
			defaultConfigurationIsVisible = 0;
			defaultConfigurationName = Release;
		};
/* End XCConfigurationList section */
	};
	rootObject = 3D2EC1741B938CB800DAF2CB /* Project object */;
}
